
Microsoft Visual Studio Solution File, Format Version 12.00
# Visual Studio Version 16
VisualStudioVersion = 16.0.31613.86
MinimumVisualStudioVersion = 10.0.40219.1
Project("{8BC9CEB8-8B4A-11D0-8D11-00A0C91BC942}") = "baresip-win32", "baresip.vcxproj", "{4B89C2D8-FB32-4D7C-9019-752A5664781C}"
	ProjectSection(ProjectDependencies) = postProject
		{3E767371-A72B-4F5C-A695-8F844B0889C5} = {3E767371-A72B-4F5C-A695-8F844B0889C5}
		{40B28DF6-4B4A-411A-9EB7-8D80C2A29B9D} = {40B28DF6-4B4A-411A-9EB7-8D80C2A29B9D}
	EndProjectSection
EndProject
Project("{8BC9CEB8-8B4A-11D0-8D11-00A0C91BC942}") = "re-win32", "..\..\..\re\mk\win32\re.vcxproj", "{40B28DF6-4B4A-411A-9EB7-8D80C2A29B9D}"
EndProject
Project("{8BC9CEB8-8B4A-11D0-8D11-00A0C91BC942}") = "rem-win32", "..\..\..\rem\mk\win32\rem.vcxproj", "{3E767371-A72B-4F5C-A695-8F844B0889C5}"
	ProjectSection(ProjectDependencies) = postProject
		{40B28DF6-4B4A-411A-9EB7-8D80C2A29B9D} = {40B28DF6-4B4A-411A-9EB7-8D80C2A29B9D}
	EndProjectSection
EndProject
Project("{8BC9CEB8-8B4A-11D0-8D11-00A0C91BC942}") = "baresip-tests", "baresip-tests.vcxproj", "{326841DC-D3A7-4F51-874C-DEE9E5F27A9D}"
EndProject
Global
	GlobalSection(SolutionConfigurationPlatforms) = preSolution
		Debug|Win32 = Debug|Win32
		Debug|x64 = Debug|x64
		Release|Win32 = Release|Win32
		Release|x64 = Release|x64
	EndGlobalSection
	GlobalSection(ProjectConfigurationPlatforms) = postSolution
		{4B89C2D8-FB32-4D7C-9019-752A5664781C}.Debug|Win32.ActiveCfg = Debug|Win32
		{4B89C2D8-FB32-4D7C-9019-752A5664781C}.Debug|Win32.Build.0 = Debug|Win32
		{4B89C2D8-FB32-4D7C-9019-752A5664781C}.Debug|x64.ActiveCfg = Debug|Win32
		{4B89C2D8-FB32-4D7C-9019-752A5664781C}.Release|Win32.ActiveCfg = Release|Win32
		{4B89C2D8-FB32-4D7C-9019-752A5664781C}.Release|Win32.Build.0 = Release|Win32
		{4B89C2D8-FB32-4D7C-9019-752A5664781C}.Release|x64.ActiveCfg = Release|Win32
		{40B28DF6-4B4A-411A-9EB7-8D80C2A29B9D}.Debug|Win32.ActiveCfg = Debug|Win32
		{40B28DF6-4B4A-411A-9EB7-8D80C2A29B9D}.Debug|Win32.Build.0 = Debug|Win32
		{40B28DF6-4B4A-411A-9EB7-8D80C2A29B9D}.Debug|x64.ActiveCfg = Debug|Win32
		{40B28DF6-4B4A-411A-9EB7-8D80C2A29B9D}.Release|Win32.ActiveCfg = Release|Win32
		{40B28DF6-4B4A-411A-9EB7-8D80C2A29B9D}.Release|Win32.Build.0 = Release|Win32
		{40B28DF6-4B4A-411A-9EB7-8D80C2A29B9D}.Release|x64.ActiveCfg = Release|Win32
		{3E767371-A72B-4F5C-A695-8F844B0889C5}.Debug|Win32.ActiveCfg = Debug|Win32
		{3E767371-A72B-4F5C-A695-8F844B0889C5}.Debug|Win32.Build.0 = Debug|Win32
		{3E767371-A72B-4F5C-A695-8F844B0889C5}.Debug|x64.ActiveCfg = Debug|Win32
		{3E767371-A72B-4F5C-A695-8F844B0889C5}.Release|Win32.ActiveCfg = Release|Win32
		{3E767371-A72B-4F5C-A695-8F844B0889C5}.Release|Win32.Build.0 = Release|Win32
		{3E767371-A72B-4F5C-A695-8F844B0889C5}.Release|x64.ActiveCfg = Release|Win32
		{326841DC-D3A7-4F51-874C-DEE9E5F27A9D}.Debug|Win32.ActiveCfg = Debug|Win32
		{326841DC-D3A7-4F51-874C-DEE9E5F27A9D}.Debug|Win32.Build.0 = Debug|Win32
		{326841DC-D3A7-4F51-874C-DEE9E5F27A9D}.Debug|x64.ActiveCfg = Debug|x64
		{326841DC-D3A7-4F51-874C-DEE9E5F27A9D}.Debug|x64.Build.0 = Debug|x64
		{326841DC-D3A7-4F51-874C-DEE9E5F27A9D}.Release|Win32.ActiveCfg = Release|Win32
		{326841DC-D3A7-4F51-874C-DEE9E5F27A9D}.Release|Win32.Build.0 = Release|Win32
		{326841DC-D3A7-4F51-874C-DEE9E5F27A9D}.Release|x64.ActiveCfg = Release|x64
		{326841DC-D3A7-4F51-874C-DEE9E5F27A9D}.Release|x64.Build.0 = Release|x64
	EndGlobalSection
	GlobalSection(SolutionProperties) = preSolution
		HideSolutionNode = FALSE
	EndGlobalSection
	GlobalSection(ExtensibilityGlobals) = postSolution
		SolutionGuid = {8F3E56DF-4B18-4499-B228-37DC5DC474F9}
	EndGlobalSection
EndGlobal
