<?xml version="1.0" encoding="utf-8"?>
<Project ToolsVersion="4.0" xmlns="http://schemas.microsoft.com/developer/msbuild/2003">
  <ItemGroup>
    <ClCompile Include="..\..\test\account.c" />
    <ClCompile Include="..\..\test\aulevel.c" />
    <ClCompile Include="..\..\test\call.c" />
    <ClCompile Include="..\..\test\cmd.c" />
    <ClCompile Include="..\..\test\contact.c" />
    <ClCompile Include="..\..\test\event.c" />
    <ClCompile Include="..\..\test\h264.c" />
    <ClCompile Include="..\..\test\main.c" />
    <ClCompile Include="..\..\test\message.c" />
    <ClCompile Include="..\..\test\net.c" />
    <ClCompile Include="..\..\test\play.c" />
    <ClCompile Include="..\..\test\stunuri.c" />
    <ClCompile Include="..\..\test\test.c" />
    <ClCompile Include="..\..\test\ua.c" />
    <ClCompile Include="..\..\test\video.c" />
    <ClCompile Include="..\..\test\sip\aor.c">
      <Filter>sip</Filter>
    </ClCompile>
    <ClCompile Include="..\..\test\sip\auth.c">
      <Filter>sip</Filter>
    </ClCompile>
    <ClCompile Include="..\..\test\sip\domain.c">
      <Filter>sip</Filter>
    </ClCompile>
    <ClCompile Include="..\..\test\sip\location.c">
      <Filter>sip</Filter>
    </ClCompile>
    <ClCompile Include="..\..\test\sip\sipsrv.c">
      <Filter>sip</Filter>
    </ClCompile>
    <ClCompile Include="..\..\test\sip\user.c">
      <Filter>sip</Filter>
    </ClCompile>
    <ClCompile Include="..\..\test\mock\cert.c">
      <Filter>mock</Filter>
    </ClCompile>
    <ClCompile Include="..\..\test\mock\dnssrv.c">
      <Filter>mock</Filter>
    </ClCompile>
    <ClCompile Include="..\..\test\mock\mock_aufilt.c">
      <Filter>mock</Filter>
    </ClCompile>
    <ClCompile Include="..\..\test\mock\mock_auplay.c">
      <Filter>mock</Filter>
    </ClCompile>
    <ClCompile Include="..\..\test\mock\mock_ausrc.c">
      <Filter>mock</Filter>
    </ClCompile>
    <ClCompile Include="..\..\test\mock\mock_menc.c">
      <Filter>mock</Filter>
    </ClCompile>
    <ClCompile Include="..\..\test\mock\mock_mnat.c">
      <Filter>mock</Filter>
    </ClCompile>
    <ClCompile Include="..\..\test\mock\mock_vidcodec.c">
      <Filter>mock</Filter>
    </ClCompile>
    <ClCompile Include="..\..\test\mock\mock_vidisp.c">
      <Filter>mock</Filter>
    </ClCompile>
    <ClCompile Include="..\..\test\mock\mock_vidsrc.c">
      <Filter>mock</Filter>
    </ClCompile>
    <ClCompile Include="..\..\src\account.c">
      <Filter>sources</Filter>
    </ClCompile>
    <ClCompile Include="..\..\src\aucodec.c">
      <Filter>sources</Filter>
    </ClCompile>
    <ClCompile Include="..\..\src\audio.c">
      <Filter>sources</Filter>
    </ClCompile>
    <ClCompile Include="..\..\src\aufilt.c">
      <Filter>sources</Filter>
    </ClCompile>
    <ClCompile Include="..\..\src\auplay.c">
      <Filter>sources</Filter>
    </ClCompile>
    <ClCompile Include="..\..\src\ausrc.c">
      <Filter>sources</Filter>
    </ClCompile>
    <ClCompile Include="..\..\src\baresip.c">
      <Filter>sources</Filter>
    </ClCompile>
    <ClCompile Include="..\..\src\call.c">
      <Filter>sources</Filter>
    </ClCompile>
    <ClCompile Include="..\..\src\cmd.c">
      <Filter>sources</Filter>
    </ClCompile>
    <ClCompile Include="..\..\src\conf.c">
      <Filter>sources</Filter>
    </ClCompile>
    <ClCompile Include="..\..\src\config.c">
      <Filter>sources</Filter>
    </ClCompile>
    <ClCompile Include="..\..\src\contact.c">
      <Filter>sources</Filter>
    </ClCompile>
    <ClCompile Include="..\..\src\custom_hdrs.c">
      <Filter>sources</Filter>
    </ClCompile>
    <ClCompile Include="..\..\src\event.c">
      <Filter>sources</Filter>
    </ClCompile>
    <ClCompile Include="..\..\src\log.c">
      <Filter>sources</Filter>
    </ClCompile>
    <ClCompile Include="..\..\src\mediadev.c">
      <Filter>sources</Filter>
    </ClCompile>
    <ClCompile Include="..\..\src\menc.c">
      <Filter>sources</Filter>
    </ClCompile>
    <ClCompile Include="..\..\src\message.c">
      <Filter>sources</Filter>
    </ClCompile>
    <ClCompile Include="..\..\src\metric.c">
      <Filter>sources</Filter>
    </ClCompile>
    <ClCompile Include="..\..\src\mnat.c">
      <Filter>sources</Filter>
    </ClCompile>
    <ClCompile Include="..\..\src\net.c">
      <Filter>sources</Filter>
    </ClCompile>
    <ClCompile Include="..\..\src\play.c">
      <Filter>sources</Filter>
    </ClCompile>
    <ClCompile Include="..\..\src\reg.c">
      <Filter>sources</Filter>
    </ClCompile>
    <ClCompile Include="..\..\src\rtpext.c">
      <Filter>sources</Filter>
    </ClCompile>
    <ClCompile Include="..\..\src\rtpstat.c">
      <Filter>sources</Filter>
    </ClCompile>
    <ClCompile Include="..\..\src\sdp.c">
      <Filter>sources</Filter>
    </ClCompile>
    <ClCompile Include="..\..\src\sipreq.c">
      <Filter>sources</Filter>
    </ClCompile>
    <ClCompile Include="..\..\src\stream.c">
      <Filter>sources</Filter>
    </ClCompile>
    <ClCompile Include="..\..\src\stunuri.c">
      <Filter>sources</Filter>
    </ClCompile>
    <ClCompile Include="..\..\src\timestamp.c">
      <Filter>sources</Filter>
    </ClCompile>
    <ClCompile Include="..\..\src\ua.c">
      <Filter>sources</Filter>
    </ClCompile>
    <ClCompile Include="..\..\src\uag.c">
      <Filter>sources</Filter>
    </ClCompile>
    <ClCompile Include="..\..\src\ui.c">
      <Filter>sources</Filter>
    </ClCompile>
    <ClCompile Include="..\..\src\vidcodec.c">
      <Filter>sources</Filter>
    </ClCompile>
    <ClCompile Include="..\..\src\video.c">
      <Filter>sources</Filter>
    </ClCompile>
    <ClCompile Include="..\..\src\vidfilt.c">
      <Filter>sources</Filter>
    </ClCompile>
    <ClCompile Include="..\..\src\vidisp.c">
      <Filter>sources</Filter>
    </ClCompile>
    <ClCompile Include="..\..\src\vidsrc.c">
      <Filter>sources</Filter>
    </ClCompile>
    <ClCompile Include="..\..\src\vidutil.c">
      <Filter>sources</Filter>
    </ClCompile>
    <ClCompile Include="..\..\src\module.c">
      <Filter>sources</Filter>
    </ClCompile>
    <ClCompile Include="static.c">
      <Filter>sources\static</Filter>
    </ClCompile>
    <ClCompile Include="..\..\modules\account\account.c">
      <Filter>modules\account</Filter>
    </ClCompile>
    <ClCompile Include="..\..\modules\amr\amr.c">
      <Filter>modules\amr</Filter>
    </ClCompile>
    <ClCompile Include="..\..\modules\amr\sdp.c">
      <Filter>modules\amr</Filter>
    </ClCompile>
    <ClCompile Include="..\..\modules\auloop\auloop.c">
      <Filter>modules\auloop</Filter>
    </ClCompile>
    <ClCompile Include="..\..\modules\cons\cons.c">
      <Filter>modules\cons</Filter>
    </ClCompile>
    <ClCompile Include="..\..\modules\contact\contact.c">
      <Filter>modules\contact</Filter>
    </ClCompile>
    <ClCompile Include="..\..\modules\debug_cmd\debug_cmd.c">
      <Filter>modules\debug_cmd</Filter>
    </ClCompile>
    <ClCompile Include="..\..\modules\dshow\dshow.cpp">
      <Filter>modules\dshow</Filter>
    </ClCompile>
    <ClCompile Include="..\..\modules\echo\echo.c">
      <Filter>modules\echo</Filter>
    </ClCompile>
    <ClCompile Include="..\..\modules\g711\g711.c">
      <Filter>modules\g711</Filter>
    </ClCompile>
    <ClCompile Include="..\..\modules\httpd\httpd.c">
      <Filter>modules\httpd</Filter>
    </ClCompile>
    <ClCompile Include="..\..\modules\ice\ice.c">
      <Filter>modules\ice</Filter>
    </ClCompile>
    <ClCompile Include="..\..\modules\l16\l16.c">
      <Filter>modules\l16</Filter>
    </ClCompile>
    <ClCompile Include="..\..\modules\menu\dynamic_menu.c">
      <Filter>modules\menu</Filter>
    </ClCompile>
    <ClCompile Include="..\..\modules\menu\menu.c">
      <Filter>modules\menu</Filter>
    </ClCompile>
    <ClCompile Include="..\..\modules\menu\static_menu.c">
      <Filter>modules\menu</Filter>
    </ClCompile>
    <ClCompile Include="..\..\modules\mwi\mwi.c">
      <Filter>modules\mwi</Filter>
    </ClCompile>
    <ClCompile Include="..\..\modules\natpmp\libnatpmp.c">
      <Filter>modules\natpmp</Filter>
    </ClCompile>
    <ClCompile Include="..\..\modules\natpmp\natpmp.c">
      <Filter>modules\natpmp</Filter>
    </ClCompile>
    <ClCompile Include="..\..\modules\presence\notifier.c">
      <Filter>modules\presence</Filter>
    </ClCompile>
    <ClCompile Include="..\..\modules\presence\presence.c">
      <Filter>modules\presence</Filter>
    </ClCompile>
    <ClCompile Include="..\..\modules\presence\publisher.c">
      <Filter>modules\presence</Filter>
    </ClCompile>
    <ClCompile Include="..\..\modules\presence\subscriber.c">
      <Filter>modules\presence</Filter>
    </ClCompile>
    <ClCompile Include="..\..\modules\selfview\selfview.c">
      <Filter>modules\selfview</Filter>
    </ClCompile>
    <ClCompile Include="..\..\modules\srtp\sdes.c">
      <Filter>modules\srtp</Filter>
    </ClCompile>
    <ClCompile Include="..\..\modules\srtp\srtp.c">
      <Filter>modules\srtp</Filter>
    </ClCompile>
    <ClCompile Include="..\..\modules\stun\stun.c">
      <Filter>modules\stun</Filter>
    </ClCompile>
    <ClCompile Include="..\..\modules\turn\turn.c">
      <Filter>modules\turn</Filter>
    </ClCompile>
    <ClCompile Include="..\..\modules\uuid\uuid.c">
      <Filter>modules\uuid</Filter>
    </ClCompile>
    <ClCompile Include="..\..\modules\vidbridge\disp.c">
      <Filter>modules\vidbridge</Filter>
    </ClCompile>
    <ClCompile Include="..\..\modules\vidbridge\src.c">
      <Filter>modules\vidbridge</Filter>
    </ClCompile>
    <ClCompile Include="..\..\modules\vidbridge\vidbridge.c">
      <Filter>modules\vidbridge</Filter>
    </ClCompile>
    <ClCompile Include="..\..\modules\vidloop\vidloop.c">
      <Filter>modules\vidloop</Filter>
    </ClCompile>
    <ClCompile Include="..\..\modules\vumeter\vumeter.c">
      <Filter>modules\vumeter</Filter>
    </ClCompile>
    <ClCompile Include="..\..\modules\wincons\wincons.c">
      <Filter>modules\wincons</Filter>
    </ClCompile>
    <ClCompile Include="..\..\modules\winwave\play.c">
      <Filter>modules\winwave</Filter>
    </ClCompile>
    <ClCompile Include="..\..\modules\winwave\src.c">
      <Filter>modules\winwave</Filter>
    </ClCompile>
    <ClCompile Include="..\..\modules\winwave\winwave.c">
      <Filter>modules\winwave</Filter>
    </ClCompile>
    <ClCompile Include="..\..\test\menu.c" />
    <ClCompile Include="..\..\src\dial_number.c">
      <Filter>sources</Filter>
    </ClCompile>
  </ItemGroup>
  <ItemGroup>
    <Filter Include="sip">
      <UniqueIdentifier>{cecfb518-4014-471b-8b4d-e8148c4c423c}</UniqueIdentifier>
    </Filter>
    <Filter Include="mock">
      <UniqueIdentifier>{e7d57a34-0253-48bf-9ae4-d5570c855e77}</UniqueIdentifier>
    </Filter>
    <Filter Include="sources">
      <UniqueIdentifier>{3421bc15-60c2-49c6-ba20-dfbabd90ae8c}</UniqueIdentifier>
    </Filter>
    <Filter Include="sources\static">
      <UniqueIdentifier>{37c8cbd1-2a1c-4ce3-891b-dad46d4555bc}</UniqueIdentifier>
    </Filter>
    <Filter Include="modules">
      <UniqueIdentifier>{371741e0-1d57-49a5-b2a3-3cca8a2bd0cf}</UniqueIdentifier>
    </Filter>
    <Filter Include="modules\account">
      <UniqueIdentifier>{6d75f3ae-1ee5-40b7-b238-baf49ec8bbcd}</UniqueIdentifier>
    </Filter>
    <Filter Include="modules\amr">
      <UniqueIdentifier>{5efab038-f1c4-4971-8b1f-369bc0f48adb}</UniqueIdentifier>
    </Filter>
    <Filter Include="modules\auloop">
      <UniqueIdentifier>{a363e099-b4d2-4573-9fd6-e606e26a0954}</UniqueIdentifier>
    </Filter>
    <Filter Include="modules\cons">
      <UniqueIdentifier>{368937d5-04c1-41f7-a8b8-89180f228647}</UniqueIdentifier>
    </Filter>
    <Filter Include="modules\contact">
      <UniqueIdentifier>{0ce175d5-e947-47c6-b6a5-89e780dba72d}</UniqueIdentifier>
    </Filter>
    <Filter Include="modules\debug_cmd">
      <UniqueIdentifier>{500aa362-5dee-4682-b8ba-7f1e85ceed4b}</UniqueIdentifier>
    </Filter>
    <Filter Include="modules\dshow">
      <UniqueIdentifier>{0138b32a-c1e9-46ee-bf36-057768e3cb34}</UniqueIdentifier>
    </Filter>
    <Filter Include="modules\echo">
      <UniqueIdentifier>{bf211184-4c73-4cbc-b70e-2501ca0e14db}</UniqueIdentifier>
    </Filter>
    <Filter Include="modules\g711">
      <UniqueIdentifier>{410f93e4-4e6c-4829-9911-e2d72b8d461d}</UniqueIdentifier>
    </Filter>
    <Filter Include="modules\httpd">
      <UniqueIdentifier>{629dd1dd-c492-4554-a25b-2dbfaaad9d25}</UniqueIdentifier>
    </Filter>
    <Filter Include="modules\ice">
      <UniqueIdentifier>{ccb78476-9d99-44f2-99e2-76b9c4bc9054}</UniqueIdentifier>
    </Filter>
    <Filter Include="modules\l16">
      <UniqueIdentifier>{7e1de0a8-2e67-4a76-8cbc-13c4d51a7b4f}</UniqueIdentifier>
    </Filter>
    <Filter Include="modules\menu">
      <UniqueIdentifier>{e161a7d3-5380-40c6-a62d-23fe367d0353}</UniqueIdentifier>
    </Filter>
    <Filter Include="modules\mwi">
      <UniqueIdentifier>{9f182001-900d-4865-badc-c4f6fcbda362}</UniqueIdentifier>
    </Filter>
    <Filter Include="modules\natpmp">
      <UniqueIdentifier>{98631da6-350e-4d9e-abe0-d984eecf2561}</UniqueIdentifier>
    </Filter>
    <Filter Include="modules\presence">
      <UniqueIdentifier>{0364f754-cfb2-43fd-809f-618d4babbe17}</UniqueIdentifier>
    </Filter>
    <Filter Include="modules\selfview">
      <UniqueIdentifier>{d920c462-aa00-429d-93cd-d52f939cabb6}</UniqueIdentifier>
    </Filter>
    <Filter Include="modules\srtp">
      <UniqueIdentifier>{df71b977-ab63-4e29-b641-f10c23d4ae43}</UniqueIdentifier>
    </Filter>
    <Filter Include="modules\stun">
      <UniqueIdentifier>{c7c79c8c-d05a-42b2-92ca-b7644809fa08}</UniqueIdentifier>
    </Filter>
    <Filter Include="modules\turn">
      <UniqueIdentifier>{9f48a273-3e41-43f6-9018-aae0a8393fff}</UniqueIdentifier>
    </Filter>
    <Filter Include="modules\uuid">
      <UniqueIdentifier>{13280a7d-5bb0-49d0-bc2a-22461e972c25}</UniqueIdentifier>
    </Filter>
    <Filter Include="modules\vidbridge">
      <UniqueIdentifier>{8e19f2ff-2e48-4a57-a321-20a2d2043e47}</UniqueIdentifier>
    </Filter>
    <Filter Include="modules\vidloop">
      <UniqueIdentifier>{e58558de-21ff-4432-937c-a0521db77e58}</UniqueIdentifier>
    </Filter>
    <Filter Include="modules\vumeter">
      <UniqueIdentifier>{31267d4a-7cef-4c2f-ba70-212b704e19bf}</UniqueIdentifier>
    </Filter>
    <Filter Include="modules\wincons">
      <UniqueIdentifier>{760640bf-5027-40ac-bb1c-eef55f0fd03a}</UniqueIdentifier>
    </Filter>
    <Filter Include="modules\winwave">
      <UniqueIdentifier>{dc26543c-b9bf-4def-9ede-59530c27c629}</UniqueIdentifier>
    </Filter>
  </ItemGroup>
  <ItemGroup>
    <ClInclude Include="getopt.h" />
    <ClInclude Include="..\..\modules\amr\amr.h">
      <Filter>modules\amr</Filter>
    </ClInclude>
    <ClInclude Include="..\..\modules\natpmp\libnatpmp.h">
      <Filter>modules\natpmp</Filter>
    </ClInclude>
    <ClInclude Include="..\..\modules\presence\presence.h">
      <Filter>modules\presence</Filter>
    </ClInclude>
    <ClInclude Include="..\..\modules\srtp\sdes.h">
      <Filter>modules\srtp</Filter>
    </ClInclude>
    <ClInclude Include="..\..\modules\vidbridge\vidbridge.h">
      <Filter>modules\vidbridge</Filter>
    </ClInclude>
    <ClInclude Include="..\..\modules\winwave\winwave.h">
      <Filter>modules\winwave</Filter>
    </ClInclude>
  </ItemGroup>
</Project>